<Solution>
  <Project Path="Konnect.Infrastructure/Konnect.Infrastructure.csproj" />
  <Project Path="Konnect.Services/Konnect.Services.csproj" />
  <Project Path="Konnect.Repositories/Konnect.Repositories.csproj" />
  <Project Path="Konnect.WebAPI/Konnect.WebAPI.csproj" />
  <Project Path="Konnect.Serverless/Konnect.Serverless.csproj" />
  <Project Path="Konnect.Worker/Konnect.Worker.csproj" />
  <Project Path="Konnect.Tests/Konnect.Tests.csproj" />
</Solution>
